
Microsoft Visual Studio Solution File, Format Version 12.00
# Visual Studio Version 17
VisualStudioVersion = 17.0.31903.59
MinimumVisualStudioVersion = 10.0.40219.1
Project("{FAE04EC0-301F-11D3-BF4B-00C04F79EFBC}") = "AppLogger", "AppLogger\AppLogger.csproj", "{B3FD6B48-48C0-4765-A451-6252D44AC369}"
EndProject
Project("{FAE04EC0-301F-11D3-BF4B-00C04F79EFBC}") = "App", "App\App.csproj", "{C827AD06-ACEA-416B-93E0-ABE8F1E55ED7}"
EndProject
Global
	GlobalSection(SolutionConfigurationPlatforms) = preSolution
		Debug|Any CPU = Debug|Any CPU
		Release|Any CPU = Release|Any CPU
	EndGlobalSection
	GlobalSection(SolutionProperties) = preSolution
		HideSolutionNode = FALSE
	EndGlobalSection
	GlobalSection(ProjectConfigurationPlatforms) = postSolution
		{B3FD6B48-48C0-4765-A451-6252D44AC369}.Debug|Any CPU.ActiveCfg = Debug|Any CPU
		{B3FD6B48-48C0-4765-A451-6252D44AC369}.Debug|Any CPU.Build.0 = Debug|Any CPU
		{B3FD6B48-48C0-4765-A451-6252D44AC369}.Release|Any CPU.ActiveCfg = Release|Any CPU
		{B3FD6B48-48C0-4765-A451-6252D44AC369}.Release|Any CPU.Build.0 = Release|Any CPU
		{C827AD06-ACEA-416B-93E0-ABE8F1E55ED7}.Debug|Any CPU.ActiveCfg = Debug|Any CPU
		{C827AD06-ACEA-416B-93E0-ABE8F1E55ED7}.Debug|Any CPU.Build.0 = Debug|Any CPU
		{C827AD06-ACEA-416B-93E0-ABE8F1E55ED7}.Release|Any CPU.ActiveCfg = Release|Any CPU
		{C827AD06-ACEA-416B-93E0-ABE8F1E55ED7}.Release|Any CPU.Build.0 = Release|Any CPU
	EndGlobalSection
EndGlobal
